
Microsoft Visual Studio Solution File, Format Version 12.00
# Visual Studio Version 17
VisualStudioVersion = 17.8.34330.188
MinimumVisualStudioVersion = 10.0.40219.1
Project("{FAE04EC0-301F-11D3-BF4B-00C04F79EFBC}") = "RainbowSchoolWebAPI", "RainbowSchoolWebAPI\RainbowSchoolWebAPI.csproj", "{528097D7-0485-486C-898B-08A7031A6C52}"
EndProject
Global
	GlobalSection(SolutionConfigurationPlatforms) = preSolution
		Debug|Any CPU = Debug|Any CPU
		Release|Any CPU = Release|Any CPU
	EndGlobalSection
	GlobalSection(ProjectConfigurationPlatforms) = postSolution
		{528097D7-0485-486C-898B-08A7031A6C52}.Debug|Any CPU.ActiveCfg = Debug|Any CPU
		{528097D7-0485-486C-898B-08A7031A6C52}.Debug|Any CPU.Build.0 = Debug|Any CPU
		{528097D7-0485-486C-898B-08A7031A6C52}.Release|Any CPU.ActiveCfg = Release|Any CPU
		{528097D7-0485-486C-898B-08A7031A6C52}.Release|Any CPU.Build.0 = Release|Any CPU
	EndGlobalSection
	GlobalSection(SolutionProperties) = preSolution
		HideSolutionNode = FALSE
	EndGlobalSection
	GlobalSection(ExtensibilityGlobals) = postSolution
		SolutionGuid = {B0EF6B27-9593-4764-A07E-F0536280ACF0}
	EndGlobalSection
EndGlobal
